{
  "name": "@ayoxx/plain-code",
  "version": "0.4.1",
  "lockfileVersion": 3,
  "requires": true,
  "packages": {
    "": {
      "name": "@ayoxx/plain-code",
      "version": "0.4.1",
      "license": "MIT",
      "bin": {
        "plain-code": "compiler/cli.js"
      },
      "engines": {
        "node": ">=14.0.0"
      }
    }
  }
}
