{
  "name": "plain-code-live-test",
  "lockfileVersion": 3,
  "requires": true,
  "packages": {
    "": {
      "name": "plain-code-live-test",
      "dependencies": {
        "@ayoxx/plain-code": "^0.2.0"
      }
    },
    "node_modules/@ayoxx/plain-code": {
      "version": "0.2.0",
      "resolved": "http://package-firewall.replit.local/npm/@ayoxx/plain-code/-/plain-code-0.2.0.tgz",
      "integrity": "sha512-EiUL+xQMjBoy4F2GwlTChs/I3GwktGqqrcX8xt+cEsJ8swJCTxLg4vMsTcL21Dkjmj1T81RAc4nUrnvOE1m8Tg==",
      "license": "MIT",
      "bin": {
        "plain-code": "compiler/cli.js"
      },
      "engines": {
        "node": ">=14.0.0"
      }
    }
  }
}
